
Microsoft Visual Studio Solution File, Format Version 12.00
# Visual Studio Version 17
VisualStudioVersion = 17.0.32112.339
MinimumVisualStudioVersion = 10.0.40219.1
Project("{FAE04EC0-301F-11D3-BF4B-00C04F79EFBC}") = "TaskExecution", "TaskExecution\TaskExecution.csproj", "{A66CCE07-5285-4CA0-B137-5B03A4D22944}"
EndProject
Global
	GlobalSection(SolutionConfigurationPlatforms) = preSolution
		Debug|Any CPU = Debug|Any CPU
		Release|Any CPU = Release|Any CPU
	EndGlobalSection
	GlobalSection(ProjectConfigurationPlatforms) = postSolution
		{A66CCE07-5285-4CA0-B137-5B03A4D22944}.Debug|Any CPU.ActiveCfg = Debug|Any CPU
		{A66CCE07-5285-4CA0-B137-5B03A4D22944}.Debug|Any CPU.Build.0 = Debug|Any CPU
		{A66CCE07-5285-4CA0-B137-5B03A4D22944}.Release|Any CPU.ActiveCfg = Release|Any CPU
		{A66CCE07-5285-4CA0-B137-5B03A4D22944}.Release|Any CPU.Build.0 = Release|Any CPU
	EndGlobalSection
	GlobalSection(SolutionProperties) = preSolution
		HideSolutionNode = FALSE
	EndGlobalSection
	GlobalSection(ExtensibilityGlobals) = postSolution
		SolutionGuid = {1C970E3B-51ED-4254-BFD4-A19B75DA516A}
	EndGlobalSection
EndGlobal
